blekksprut.net/natto v0.2.0 h1:JmbFrhf0qJO9mWdduI8VItM7erZRbc6lE/BZTiE4G/U=
blekksprut.net/natto v0.2.0/go.mod h1:P9pZKDHIWm5tvVa4VdRQlhIP1MNJZxyi/p+JiJKQvN4=
blekksprut.net/yofukashi v0.2.0 h1:HAEOcvlhBSCdi5G02xRcqVUn6scpIf8qITOoMzjZUII=
blekksprut.net/yofukashi v0.2.0/go.mod h1:/pdZu0oukg55Vr34Qh7Ulm5lI21xXQFv2DbuB57kHt4=
