blekksprut.net/natto v0.2.0 h1:JmbFrhf0qJO9mWdduI8VItM7erZRbc6lE/BZTiE4G/U=
blekksprut.net/natto v0.2.0/go.mod h1:P9pZKDHIWm5tvVa4VdRQlhIP1MNJZxyi/p+JiJKQvN4=
blekksprut.net/yofukashi v0.1.0 h1:/EaEfohFsqhCnArcKlF+9ZmmLMf4Fq8i9i6Xv2QTNcU=
blekksprut.net/yofukashi v0.1.0/go.mod h1:0hcNfPMMFtE0ELKS05vKg0JxwJLQg9uZp2W+ND+K98U=
